<?xml version="1.0" encoding="utf-8"?>
<Project ToolsVersion="4.0" xmlns="http://schemas.microsoft.com/developer/msbuild/2003">
  <ItemGroup>
    <Filter Include="Source Files">
      <UniqueIdentifier>{4FC737F1-C7A5-4376-A066-2A32D752A2FF}</UniqueIdentifier>
      <Extensions>cpp;c;cc;cxx;c++;cppm;ixx;def;odl;idl;hpj;bat;asm;asmx</Extensions>
    </Filter>
    <Filter Include="Header Files">
      <UniqueIdentifier>{93995380-89BD-4b04-88EB-625FBE52EBFB}</UniqueIdentifier>
      <Extensions>h;hh;hpp;hxx;h++;hm;inl;inc;ipp;xsd</Extensions>
    </Filter>
    <Filter Include="Header Files\MiniVK">
      <UniqueIdentifier>{79772bb6-f4cb-484b-ab7d-de8d6b159889}</UniqueIdentifier>
    </Filter>
    <Filter Include="Header Files\MiniVK\Dependencies">
      <UniqueIdentifier>{f79777a8-4db2-4125-9a9b-536348c4f737}</UniqueIdentifier>
    </Filter>
    <Filter Include="Header Files\Shader Files">
      <UniqueIdentifier>{67DA6AB6-F800-4c08-8B7A-83BB121AAD01}</UniqueIdentifier>
      <Extensions>rc;ico;cur;bmp;dlg;rc2;rct;bin;rgs;gif;jpg;jpeg;jpe;resx;tiff;tif;png;wav;mfcribbon-ms</Extensions>
    </Filter>
  </ItemGroup>
  <ItemGroup>
    <ClCompile Include="Source.cpp">
      <Filter>Source Files</Filter>
    </ClCompile>
  </ItemGroup>
  <ItemGroup>
    <ClInclude Include="MiniVK.hpp">
      <Filter>Header Files\MiniVK</Filter>
    </ClInclude>
    <ClInclude Include="MiniVkThreadPool.hpp">
      <Filter>Header Files\MiniVK</Filter>
    </ClInclude>
    <ClInclude Include="MiniVkSupporters.hpp">
      <Filter>Header Files\MiniVK</Filter>
    </ClInclude>
    <ClInclude Include="MiniVkQueueFamily.hpp">
      <Filter>Header Files\MiniVK</Filter>
    </ClInclude>
    <ClInclude Include="MiniVkInstance.hpp">
      <Filter>Header Files\MiniVK</Filter>
    </ClInclude>
    <ClInclude Include="MiniVkRenderDevice.hpp">
      <Filter>Header Files\MiniVK</Filter>
    </ClInclude>
    <ClInclude Include="MiniVkWindow.hpp">
      <Filter>Header Files\MiniVK</Filter>
    </ClInclude>
    <ClInclude Include="MiniVkSwapChain.hpp">
      <Filter>Header Files\MiniVK</Filter>
    </ClInclude>
    <ClInclude Include="MiniVkVMAllocator.hpp">
      <Filter>Header Files\MiniVK</Filter>
    </ClInclude>
    <ClInclude Include="MiniVkCommandPool.hpp">
      <Filter>Header Files\MiniVK</Filter>
    </ClInclude>
    <ClInclude Include="MiniVkShaderStages.hpp">
      <Filter>Header Files\MiniVK</Filter>
    </ClInclude>
    <ClInclude Include="MiniVkDynamicPipeline.hpp">
      <Filter>Header Files\MiniVK</Filter>
    </ClInclude>
    <ClInclude Include="MiniVkVertexMath.hpp">
      <Filter>Header Files\MiniVK</Filter>
    </ClInclude>
    <ClInclude Include="MiniVkDynamicRenderer.hpp">
      <Filter>Header Files\MiniVK</Filter>
    </ClInclude>
    <ClInclude Include="MiniVkImage.hpp">
      <Filter>Header Files\MiniVK</Filter>
    </ClInclude>
    <ClInclude Include="MiniVkBuffer.hpp">
      <Filter>Header Files\MiniVK</Filter>
    </ClInclude>
    <ClInclude Include="QuiteOkImageFormat.h">
      <Filter>Header Files</Filter>
    </ClInclude>
    <ClInclude Include="invokable.hpp">
      <Filter>Header Files\MiniVK\Dependencies</Filter>
    </ClInclude>
    <ClInclude Include="disposable.hpp">
      <Filter>Header Files\MiniVK\Dependencies</Filter>
    </ClInclude>
    <ClInclude Include="atomic_lock.hpp">
      <Filter>Header Files\MiniVK\Dependencies</Filter>
    </ClInclude>
    <ClInclude Include="triangulate.hpp">
      <Filter>Header Files\MiniVK\Dependencies</Filter>
    </ClInclude>
    <ClInclude Include="MiniVkGLFWInputEnums.hpp">
      <Filter>Header Files\MiniVK</Filter>
    </ClInclude>
  </ItemGroup>
  <ItemGroup>
    <Text Include="Documentation.txt">
      <Filter>Header Files</Filter>
    </Text>
  </ItemGroup>
  <ItemGroup>
    <None Include="sample_shader.vert">
      <Filter>Header Files\Shader Files</Filter>
    </None>
    <None Include="sample_shader.frag">
      <Filter>Header Files\Shader Files</Filter>
    </None>
    <None Include="compile.bat">
      <Filter>Header Files\Shader Files</Filter>
    </None>
  </ItemGroup>
</Project>